
Microsoft Visual Studio Solution File, Format Version 12.00
# Visual Studio Version 17
VisualStudioVersion = 17.3.32929.385
MinimumVisualStudioVersion = 10.0.40219.1
Project("{FAE04EC0-301F-11D3-BF4B-00C04F79EFBC}") = "Visilitca", "Visilitca\Visilitca.csproj", "{76410AD0-FD2A-43C8-B625-360377AF75C7}"
EndProject
Global
	GlobalSection(SolutionConfigurationPlatforms) = preSolution
		Debug|Any CPU = Debug|Any CPU
		Release|Any CPU = Release|Any CPU
	EndGlobalSection
	GlobalSection(ProjectConfigurationPlatforms) = postSolution
		{76410AD0-FD2A-43C8-B625-360377AF75C7}.Debug|Any CPU.ActiveCfg = Debug|Any CPU
		{76410AD0-FD2A-43C8-B625-360377AF75C7}.Debug|Any CPU.Build.0 = Debug|Any CPU
		{76410AD0-FD2A-43C8-B625-360377AF75C7}.Release|Any CPU.ActiveCfg = Release|Any CPU
		{76410AD0-FD2A-43C8-B625-360377AF75C7}.Release|Any CPU.Build.0 = Release|Any CPU
	EndGlobalSection
	GlobalSection(SolutionProperties) = preSolution
		HideSolutionNode = FALSE
	EndGlobalSection
	GlobalSection(ExtensibilityGlobals) = postSolution
		SolutionGuid = {BFFE2E0C-FFC5-44C4-8554-A5DF6D411A40}
	EndGlobalSection
EndGlobal
